// !$*UTF8*$!
{
	archiveVersion = 1;
	classes = {
	};
	objectVersion = 56;
	objects = {

/* Begin PBXBuildFile section */
		8ECF51A72C7E0A6100C5C6C2 /* AppDelegate.swift in Sources */ = {isa = PBXBuildFile; fileRef = 8ECF51A62C7E0A6100C5C6C2 /* AppDelegate.swift */; };
		8ECF51A92C7E0A6100C5C6C2 /* SceneDelegate.swift in Sources */ = {isa = PBXBuildFile; fileRef = 8ECF51A82C7E0A6100C5C6C2 /* SceneDelegate.swift */; };
		8ECF51AB2C7E0A6100C5C6C2 /* ViewController.swift in Sources */ = {isa = PBXBuildFile; fileRef = 8ECF51AA2C7E0A6100C5C6C2 /* ViewController.swift */; };
		8ECF51AE2C7E0A6100C5C6C2 /* Base in Resources */ = {isa = PBXBuildFile; fileRef = 8ECF51AD2C7E0A6100C5C6C2 /* Base */; };
		8ECF51B02C7E0A6200C5C6C2 /* Assets.xcassets in Resources */ = {isa = PBXBuildFile; fileRef = 8ECF51AF2C7E0A6200C5C6C2 /* Assets.xcassets */; };
		8ECF51B32C7E0A6200C5C6C2 /* Base in Resources */ = {isa = PBXBuildFile; fileRef = 8ECF51B22C7E0A6200C5C6C2 /* Base */; };
/* End PBXBuildFile section */

/* Begin PBXFileReference section */
		8ECF51A32C7E0A6100C5C6C2 /* DataUSA.app */ = {isa = PBXFileReference; explicitFileType = wrapper.application; includeInIndex = 0; path = DataUSA.app; sourceTree = BUILT_PRODUCTS_DIR; };
		8ECF51A62C7E0A6100C5C6C2 /* AppDelegate.swift */ = {isa = PBXFileReference; lastKnownFileType = sourcecode.swift; path = AppDelegate.swift; sourceTree = "<group>"; };
		8ECF51A82C7E0A6100C5C6C2 /* SceneDelegate.swift */ = {isa = PBXFileReference; lastKnownFileType = sourcecode.swift; path = SceneDelegate.swift; sourceTree = "<group>"; };
		8ECF51AA2C7E0A6100C5C6C2 /* ViewController.swift */ = {isa = PBXFileReference; lastKnownFileType = sourcecode.swift; path = ViewController.swift; sourceTree = "<group>"; };
		8ECF51AD2C7E0A6100C5C6C2 /* Base */ = {isa = PBXFileReference; lastKnownFileType = file.storyboard; name = Base; path = Base.lproj/Main.storyboard; sourceTree = "<group>"; };
		8ECF51AF2C7E0A6200C5C6C2 /* Assets.xcassets */ = {isa = PBXFileReference; lastKnownFileType = folder.assetcatalog; path = Assets.xcassets; sourceTree = "<group>"; };
		8ECF51B22C7E0A6200C5C6C2 /* Base */ = {isa = PBXFileReference; lastKnownFileType = file.storyboard; name = Base; path = Base.lproj/LaunchScreen.storyboard; sourceTree = "<group>"; };
		8ECF51B42C7E0A6200C5C6C2 /* Info.plist */ = {isa = PBXFileReference; lastKnownFileType = text.plist.xml; path = Info.plist; sourceTree = "<group>"; };
/* End PBXFileReference section */

/* Begin PBXFrameworksBuildPhase section */
		8ECF51A02C7E0A6100C5C6C2 /* Frameworks */ = {
			isa = PBXFrameworksBuildPhase;
			buildActionMask = 2147483647;
			files = (
			);
			runOnlyForDeploymentPostprocessing = 0;
		};
/* End PBXFrameworksBuildPhase section */

/* Begin PBXGroup section */
		8ECF519A2C7E0A6100C5C6C2 = {
			isa = PBXGroup;
			children = (
				8ECF51A52C7E0A6100C5C6C2 /* DataUSA */,
				8ECF51A42C7E0A6100C5C6C2 /* Products */,
			);
			sourceTree = "<group>";
		};
		8ECF51A42C7E0A6100C5C6C2 /* Products */ = {
			isa = PBXGroup;
			children = (
				8ECF51A32C7E0A6100C5C6C2 /* DataUSA.app */,
			);
			name = Products;
			sourceTree = "<group>";
		};
		8ECF51A52C7E0A6100C5C6C2 /* DataUSA */ = {
			isa = PBXGroup;
			children = (
				8ECF51A62C7E0A6100C5C6C2 /* AppDelegate.swift */,
				8ECF51A82C7E0A6100C5C6C2 /* SceneDelegate.swift */,
				8ECF51AA2C7E0A6100C5C6C2 /* ViewController.swift */,
				8ECF51AC2C7E0A6100C5C6C2 /* Main.storyboard */,
				8ECF51AF2C7E0A6200C5C6C2 /* Assets.xcassets */,
				8ECF51B12C7E0A6200C5C6C2 /* LaunchScreen.storyboard */,
				8ECF51B42C7E0A6200C5C6C2 /* Info.plist */,
			);
			path = DataUSA;
			sourceTree = "<group>";
		};
/* End PBXGroup section */

/* Begin PBXNativeTarget section */
		8ECF51A22C7E0A6100C5C6C2 /* DataUSA */ = {
			isa = PBXNativeTarget;
			buildConfigurationList = 8ECF51B72C7E0A6200C5C6C2 /* Build configuration list for PBXNativeTarget "DataUSA" */;
			buildPhases = (
				8ECF519F2C7E0A6100C5C6C2 /* Sources */,
				8ECF51A02C7E0A6100C5C6C2 /* Frameworks */,
				8ECF51A12C7E0A6100C5C6C2 /* Resources */,
			);
			buildRules = (
			);
			dependencies = (
			);
			name = DataUSA;
			productName = DataUSA;
			productReference = 8ECF51A32C7E0A6100C5C6C2 /* DataUSA.app */;
			productType = "com.apple.product-type.application";
		};
/* End PBXNativeTarget section */

/* Begin PBXProject section */
		8ECF519B2C7E0A6100C5C6C2 /* Project object */ = {
			isa = PBXProject;
			attributes = {
				BuildIndependentTargetsInParallel = 1;
				LastSwiftUpdateCheck = 1540;
				LastUpgradeCheck = 1540;
				TargetAttributes = {
					8ECF51A22C7E0A6100C5C6C2 = {
						CreatedOnToolsVersion = 15.4;
					};
				};
			};
			buildConfigurationList = 8ECF519E2C7E0A6100C5C6C2 /* Build configuration list for PBXProject "DataUSA" */;
			compatibilityVersion = "Xcode 14.0";
			developmentRegion = en;
			hasScannedForEncodings = 0;
			knownRegions = (
				en,
				Base,
			);
			mainGroup = 8ECF519A2C7E0A6100C5C6C2;
			productRefGroup = 8ECF51A42C7E0A6100C5C6C2 /* Products */;
			projectDirPath = "";
			projectRoot = "";
			targets = (
				8ECF51A22C7E0A6100C5C6C2 /* DataUSA */,
			);
		};
/* End PBXProject section */

/* Begin PBXResourcesBuildPhase section */
		8ECF51A12C7E0A6100C5C6C2 /* Resources */ = {
			isa = PBXResourcesBuildPhase;
			buildActionMask = 2147483647;
			files = (
				8ECF51B02C7E0A6200C5C6C2 /* Assets.xcassets in Resources */,
				8ECF51B32C7E0A6200C5C6C2 /* Base in Resources */,
				8ECF51AE2C7E0A6100C5C6C2 /* Base in Resources */,
			);
			runOnlyForDeploymentPostprocessing = 0;
		};
/* End PBXResourcesBuildPhase section */

/* Begin PBXSourcesBuildPhase section */
		8ECF519F2C7E0A6100C5C6C2 /* Sources */ = {
			isa = PBXSourcesBuildPhase;
			buildActionMask = 2147483647;
			files = (
				8ECF51AB2C7E0A6100C5C6C2 /* ViewController.swift in Sources */,
				8ECF51A72C7E0A6100C5C6C2 /* AppDelegate.swift in Sources */,
				8ECF51A92C7E0A6100C5C6C2 /* SceneDelegate.swift in Sources */,
			);
			runOnlyForDeploymentPostprocessing = 0;
		};
/* End PBXSourcesBuildPhase section */

/* Begin PBXVariantGroup section */
		8ECF51AC2C7E0A6100C5C6C2 /* Main.storyboard */ = {
			isa = PBXVariantGroup;
			children = (
				8ECF51AD2C7E0A6100C5C6C2 /* Base */,
			);
			name = Main.storyboard;
			sourceTree = "<group>";
		};
		8ECF51B12C7E0A6200C5C6C2 /* LaunchScreen.storyboard */ = {
			isa = PBXVariantGroup;
			children = (
				8ECF51B22C7E0A6200C5C6C2 /* Base */,
			);
			name = LaunchScreen.storyboard;
			sourceTree = "<group>";
		};
/* End PBXVariantGroup section */

/* Begin XCBuildConfiguration section */
		8ECF51B52C7E0A6200C5C6C2 /* Debug */ = {
			isa = XCBuildConfiguration;
			buildSettings = {
				ALWAYS_SEARCH_USER_PATHS = NO;
				ASSETCATALOG_COMPILER_GENERATE_SWIFT_ASSET_SYMBOL_EXTENSIONS = YES;
				CLANG_ANALYZER_NONNULL = YES;
				CLANG_ANALYZER_NUMBER_OBJECT_CONVERSION = YES_AGGRESSIVE;
				CLANG_CXX_LANGUAGE_STANDARD = "gnu++20";
				CLANG_ENABLE_MODULES = YES;
				CLANG_ENABLE_OBJC_ARC = YES;
				CLANG_ENABLE_OBJC_WEAK = YES;
				CLANG_WARN_BLOCK_CAPTURE_AUTORELEASING = YES;
				CLANG_WARN_BOOL_CONVERSION = YES;
				CLANG_WARN_COMMA = YES;
				CLANG_WARN_CONSTANT_CONVERSION = YES;
				CLANG_WARN_DEPRECATED_OBJC_IMPLEMENTATIONS = YES;
				CLANG_WARN_DIRECT_OBJC_ISA_USAGE = YES_ERROR;
				CLANG_WARN_DOCUMENTATION_COMMENTS = YES;
				CLANG_WARN_EMPTY_BODY = YES;
				CLANG_WARN_ENUM_CONVERSION = YES;
				CLANG_WARN_INFINITE_RECURSION = YES;
				CLANG_WARN_INT_CONVERSION = YES;
				CLANG_WARN_NON_LITERAL_NULL_CONVERSION = YES;
				CLANG_WARN_OBJC_IMPLICIT_RETAIN_SELF = YES;
				CLANG_WARN_OBJC_LITERAL_CONVERSION = YES;
				CLANG_WARN_OBJC_ROOT_CLASS = YES_ERROR;
				CLANG_WARN_QUOTED_INCLUDE_IN_FRAMEWORK_HEADER = YES;
				CLANG_WARN_RANGE_LOOP_ANALYSIS = YES;
				CLANG_WARN_STRICT_PROTOTYPES = YES;
				CLANG_WARN_SUSPICIOUS_MOVE = YES;
				CLANG_WARN_UNGUARDED_AVAILABILITY = YES_AGGRESSIVE;
				CLANG_WARN_UNREACHABLE_CODE = YES;
				CLANG_WARN__DUPLICATE_METHOD_MATCH = YES;
				COPY_PHASE_STRIP = NO;
				DEBUG_INFORMATION_FORMAT = dwarf;
				ENABLE_STRICT_OBJC_MSGSEND = YES;
				ENABLE_TESTABILITY = YES;
				ENABLE_USER_SCRIPT_SANDBOXING = YES;
				GCC_C_LANGUAGE_STANDARD = gnu17;
				GCC_DYNAMIC_NO_PIC = NO;
				GCC_NO_COMMON_BLOCKS = YES;
				GCC_OPTIMIZATION_LEVEL = 0;
				GCC_PREPROCESSOR_DEFINITIONS = (
					"DEBUG=1",
					"$(inherited)",
				);
				GCC_WARN_64_TO_32_BIT_CONVERSION = YES;
				GCC_WARN_ABOUT_RETURN_TYPE = YES_ERROR;
				GCC_WARN_UNDECLARED_SELECTOR = YES;
				GCC_WARN_UNINITIALIZED_AUTOS = YES_AGGRESSIVE;
				GCC_WARN_UNUSED_FUNCTION = YES;
				GCC_WARN_UNUSED_VARIABLE = YES;
				IPHONEOS_DEPLOYMENT_TARGET = 17.5;
				LOCALIZATION_PREFERS_STRING_CATALOGS = YES;
				MTL_ENABLE_DEBUG_INFO = INCLUDE_SOURCE;
				MTL_FAST_MATH = YES;
				ONLY_ACTIVE_ARCH = YES;
				SDKROOT = iphoneos;
				SWIFT_ACTIVE_COMPILATION_CONDITIONS = "DEBUG $(inherited)";
				SWIFT_OPTIMIZATION_LEVEL = "-Onone";
			};
			name = Debug;
		};
		8ECF51B62C7E0A6200C5C6C2 /* Release */ = {
			isa = XCBuildConfiguration;
			buildSettings = {
				ALWAYS_SEARCH_USER_PATHS = NO;
				ASSETCATALOG_COMPILER_GENERATE_SWIFT_ASSET_SYMBOL_EXTENSIONS = YES;
				CLANG_ANALYZER_NONNULL = YES;
				CLANG_ANALYZER_NUMBER_OBJECT_CONVERSION = YES_AGGRESSIVE;
				CLANG_CXX_LANGUAGE_STANDARD = "gnu++20";
				CLANG_ENABLE_MODULES = YES;
				CLANG_ENABLE_OBJC_ARC = YES;
				CLANG_ENABLE_OBJC_WEAK = YES;
				CLANG_WARN_BLOCK_CAPTURE_AUTORELEASING = YES;
				CLANG_WARN_BOOL_CONVERSION = YES;
				CLANG_WARN_COMMA = YES;
				CLANG_WARN_CONSTANT_CONVERSION = YES;
				CLANG_WARN_DEPRECATED_OBJC_IMPLEMENTATIONS = YES;
				CLANG_WARN_DIRECT_OBJC_ISA_USAGE = YES_ERROR;
				CLANG_WARN_DOCUMENTATION_COMMENTS = YES;
				CLANG_WARN_EMPTY_BODY = YES;
				CLANG_WARN_ENUM_CONVERSION = YES;
				CLANG_WARN_INFINITE_RECURSION = YES;
				CLANG_WARN_INT_CONVERSION = YES;
				CLANG_WARN_NON_LITERAL_NULL_CONVERSION = YES;
				CLANG_WARN_OBJC_IMPLICIT_RETAIN_SELF = YES;
				CLANG_WARN_OBJC_LITERAL_CONVERSION = YES;
				CLANG_WARN_OBJC_ROOT_CLASS = YES_ERROR;
				CLANG_WARN_QUOTED_INCLUDE_IN_FRAMEWORK_HEADER = YES;
				CLANG_WARN_RANGE_LOOP_ANALYSIS = YES;
				CLANG_WARN_STRICT_PROTOTYPES = YES;
				CLANG_WARN_SUSPICIOUS_MOVE = YES;
				CLANG_WARN_UNGUARDED_AVAILABILITY = YES_AGGRESSIVE;
				CLANG_WARN_UNREACHABLE_CODE = YES;
				CLANG_WARN__DUPLICATE_METHOD_MATCH = YES;
				COPY_PHASE_STRIP = NO;
				DEBUG_INFORMATION_FORMAT = "dwarf-with-dsym";
				ENABLE_NS_ASSERTIONS = NO;
				ENABLE_STRICT_OBJC_MSGSEND = YES;
				ENABLE_USER_SCRIPT_SANDBOXING = YES;
				GCC_C_LANGUAGE_STANDARD = gnu17;
				GCC_NO_COMMON_BLOCKS = YES;
				GCC_WARN_64_TO_32_BIT_CONVERSION = YES;
				GCC_WARN_ABOUT_RETURN_TYPE = YES_ERROR;
				GCC_WARN_UNDECLARED_SELECTOR = YES;
				GCC_WARN_UNINITIALIZED_AUTOS = YES_AGGRESSIVE;
				GCC_WARN_UNUSED_FUNCTION = YES;
				GCC_WARN_UNUSED_VARIABLE = YES;
				IPHONEOS_DEPLOYMENT_TARGET = 17.5;
				LOCALIZATION_PREFERS_STRING_CATALOGS = YES;
				MTL_ENABLE_DEBUG_INFO = NO;
				MTL_FAST_MATH = YES;
				SDKROOT = iphoneos;
				SWIFT_COMPILATION_MODE = wholemodule;
				VALIDATE_PRODUCT = YES;
			};
			name = Release;
		};
		8ECF51B82C7E0A6200C5C6C2 /* Debug */ = {
			isa = XCBuildConfiguration;
			buildSettings = {
				ASSETCATALOG_COMPILER_APPICON_NAME = AppIcon;
				ASSETCATALOG_COMPILER_GLOBAL_ACCENT_COLOR_NAME = AccentColor;
				CODE_SIGN_STYLE = Automatic;
				CURRENT_PROJECT_VERSION = 1;
				DEVELOPMENT_TEAM = N2HAQ52F9X;
				GENERATE_INFOPLIST_FILE = YES;
				INFOPLIST_FILE = DataUSA/Info.plist;
				INFOPLIST_KEY_UIApplicationSupportsIndirectInputEvents = YES;
				INFOPLIST_KEY_UILaunchStoryboardName = LaunchScreen;
				INFOPLIST_KEY_UIMainStoryboardFile = Main;
				INFOPLIST_KEY_UISupportedInterfaceOrientations_iPad = "UIInterfaceOrientationPortrait UIInterfaceOrientationPortraitUpsideDown UIInterfaceOrientationLandscapeLeft UIInterfaceOrientationLandscapeRight";
				INFOPLIST_KEY_UISupportedInterfaceOrientations_iPhone = "UIInterfaceOrientationPortrait UIInterfaceOrientationLandscapeLeft UIInterfaceOrientationLandscapeRight";
				LD_RUNPATH_SEARCH_PATHS = (
					"$(inherited)",
					"@executable_path/Frameworks",
				);
				MARKETING_VERSION = 1.0;
				PRODUCT_BUNDLE_IDENTIFIER = com.matsuti.DataUSA;
				PRODUCT_NAME = "$(TARGET_NAME)";
				SWIFT_EMIT_LOC_STRINGS = YES;
				SWIFT_VERSION = 5.0;
				TARGETED_DEVICE_FAMILY = "1,2";
			};
			name = Debug;
		};
		8ECF51B92C7E0A6200C5C6C2 /* Release */ = {
			isa = XCBuildConfiguration;
			buildSettings = {
				ASSETCATALOG_COMPILER_APPICON_NAME = AppIcon;
				ASSETCATALOG_COMPILER_GLOBAL_ACCENT_COLOR_NAME = AccentColor;
				CODE_SIGN_STYLE = Automatic;
				CURRENT_PROJECT_VERSION = 1;
				DEVELOPMENT_TEAM = N2HAQ52F9X;
				GENERATE_INFOPLIST_FILE = YES;
				INFOPLIST_FILE = DataUSA/Info.plist;
				INFOPLIST_KEY_UIApplicationSupportsIndirectInputEvents = YES;
				INFOPLIST_KEY_UILaunchStoryboardName = LaunchScreen;
				INFOPLIST_KEY_UIMainStoryboardFile = Main;
				INFOPLIST_KEY_UISupportedInterfaceOrientations_iPad = "UIInterfaceOrientationPortrait UIInterfaceOrientationPortraitUpsideDown UIInterfaceOrientationLandscapeLeft UIInterfaceOrientationLandscapeRight";
				INFOPLIST_KEY_UISupportedInterfaceOrientations_iPhone = "UIInterfaceOrientationPortrait UIInterfaceOrientationLandscapeLeft UIInterfaceOrientationLandscapeRight";
				LD_RUNPATH_SEARCH_PATHS = (
					"$(inherited)",
					"@executable_path/Frameworks",
				);
				MARKETING_VERSION = 1.0;
				PRODUCT_BUNDLE_IDENTIFIER = com.matsuti.DataUSA;
				PRODUCT_NAME = "$(TARGET_NAME)";
				SWIFT_EMIT_LOC_STRINGS = YES;
				SWIFT_VERSION = 5.0;
				TARGETED_DEVICE_FAMILY = "1,2";
			};
			name = Release;
		};
/* End XCBuildConfiguration section */

/* Begin XCConfigurationList section */
		8ECF519E2C7E0A6100C5C6C2 /* Build configuration list for PBXProject "DataUSA" */ = {
			isa = XCConfigurationList;
			buildConfigurations = (
				8ECF51B52C7E0A6200C5C6C2 /* Debug */,
				8ECF51B62C7E0A6200C5C6C2 /* Release */,
			);
			defaultConfigurationIsVisible = 0;
			defaultConfigurationName = Release;
		};
		8ECF51B72C7E0A6200C5C6C2 /* Build configuration list for PBXNativeTarget "DataUSA" */ = {
			isa = XCConfigurationList;
			buildConfigurations = (
				8ECF51B82C7E0A6200C5C6C2 /* Debug */,
				8ECF51B92C7E0A6200C5C6C2 /* Release */,
			);
			defaultConfigurationIsVisible = 0;
			defaultConfigurationName = Release;
		};
/* End XCConfigurationList section */
	};
	rootObject = 8ECF519B2C7E0A6100C5C6C2 /* Project object */;
}
